
Microsoft Visual Studio Solution File, Format Version 12.00
# Visual Studio Version 17
VisualStudioVersion = 17.9.34728.123
MinimumVisualStudioVersion = 10.0.40219.1
Project("{9A19103F-16F7-4668-BE54-9A1E7A4F7556}") = "Wordle.Api", "Wordle.Api\Wordle.Api.csproj", "{A067AA17-0D9A-49FF-8FAF-489760D3E7D2}"
EndProject
Project("{FAE04EC0-301F-11D3-BF4B-00C04F79EFBC}") = "Wordle.Api.Tests", "Wordle.Api.Tests\Wordle.Api.Tests.csproj", "{617F95E9-2224-491D-88A5-293DB159B160}"
EndProject
Global
	GlobalSection(SolutionConfigurationPlatforms) = preSolution
		Debug|Any CPU = Debug|Any CPU
		Release|Any CPU = Release|Any CPU
	EndGlobalSection
	GlobalSection(ProjectConfigurationPlatforms) = postSolution
		{A067AA17-0D9A-49FF-8FAF-489760D3E7D2}.Debug|Any CPU.ActiveCfg = Debug|Any CPU
		{A067AA17-0D9A-49FF-8FAF-489760D3E7D2}.Debug|Any CPU.Build.0 = Debug|Any CPU
		{A067AA17-0D9A-49FF-8FAF-489760D3E7D2}.Release|Any CPU.ActiveCfg = Release|Any CPU
		{A067AA17-0D9A-49FF-8FAF-489760D3E7D2}.Release|Any CPU.Build.0 = Release|Any CPU
		{617F95E9-2224-491D-88A5-293DB159B160}.Debug|Any CPU.ActiveCfg = Debug|Any CPU
		{617F95E9-2224-491D-88A5-293DB159B160}.Debug|Any CPU.Build.0 = Debug|Any CPU
		{617F95E9-2224-491D-88A5-293DB159B160}.Release|Any CPU.ActiveCfg = Release|Any CPU
		{617F95E9-2224-491D-88A5-293DB159B160}.Release|Any CPU.Build.0 = Release|Any CPU
	EndGlobalSection
	GlobalSection(SolutionProperties) = preSolution
		HideSolutionNode = FALSE
	EndGlobalSection
	GlobalSection(ExtensibilityGlobals) = postSolution
		SolutionGuid = {9D02069A-9BCF-4F3C-B591-B733C4F2F4D0}
	EndGlobalSection
EndGlobal
